
Microsoft Visual Studio Solution File, Format Version 12.00
# Visual Studio Version 16
VisualStudioVersion = 16.0.31911.196
MinimumVisualStudioVersion = 10.0.40219.1
Project("{FAE04EC0-301F-11D3-BF4B-00C04F79EFBC}") = "DrawLineUnitTest", "DrawLineUnitTest\DrawLineUnitTest.csproj", "{FD6CB798-C24B-4D54-A93A-2EA55FAF1644}"
EndProject
Global
	GlobalSection(SolutionConfigurationPlatforms) = preSolution
		Debug|Any CPU = Debug|Any CPU
		Release|Any CPU = Release|Any CPU
	EndGlobalSection
	GlobalSection(ProjectConfigurationPlatforms) = postSolution
		{FD6CB798-C24B-4D54-A93A-2EA55FAF1644}.Debug|Any CPU.ActiveCfg = Debug|Any CPU
		{FD6CB798-C24B-4D54-A93A-2EA55FAF1644}.Debug|Any CPU.Build.0 = Debug|Any CPU
		{FD6CB798-C24B-4D54-A93A-2EA55FAF1644}.Release|Any CPU.ActiveCfg = Release|Any CPU
		{FD6CB798-C24B-4D54-A93A-2EA55FAF1644}.Release|Any CPU.Build.0 = Release|Any CPU
	EndGlobalSection
	GlobalSection(SolutionProperties) = preSolution
		HideSolutionNode = FALSE
	EndGlobalSection
	GlobalSection(ExtensibilityGlobals) = postSolution
		SolutionGuid = {5FB4FB99-9701-41B4-92BF-E0AC06550BF4}
	EndGlobalSection
EndGlobal
